{
  "version": 4,
  "terraform_version": "1.3.5",
  "serial": 44,
  "lineage": "a87b1d23-d0a6-7d34-455c-9a238eb92ba8",
  "outputs": {},
  "resources": [
    {
      "mode": "data",
      "type": "google_dns_managed_zone",
      "name": "gcp_dns",
      "provider": "provider[\"registry.terraform.io/hashicorp/google\"]",
      "instances": [
        {
          "schema_version": 0,
          "attributes": {
            "description": "",
            "dns_name": "gcp.n12.dk.",
            "id": "projects/cloudcoursesdu/managedZones/gcp-n12-dk",
            "managed_zone_id": 984983170249983058,
            "name": "gcp-n12-dk",
            "name_servers": [
              "ns-cloud-a1.googledomains.com.",
              "ns-cloud-a2.googledomains.com.",
              "ns-cloud-a3.googledomains.com.",
              "ns-cloud-a4.googledomains.com."
            ],
            "project": "cloudcoursesdu",
            "visibility": "public"
          },
          "sensitive_attributes": []
        }
      ]
    },
    {
      "mode": "managed",
      "type": "google_compute_backend_bucket",
      "name": "website",
      "provider": "provider[\"registry.terraform.io/hashicorp/google\"]",
      "instances": [
        {
          "schema_version": 0,
          "attributes": {
            "bucket_name": "emergency-app-website",
            "cdn_policy": [
              {
                "bypass_cache_on_request_headers": [],
                "cache_key_policy": [],
                "cache_mode": "CACHE_ALL_STATIC",
                "client_ttl": 3600,
                "default_ttl": 3600,
                "max_ttl": 86400,
                "negative_caching": true,
                "negative_caching_policy": [],
                "request_coalescing": true,
                "serve_while_stale": 86400,
                "signed_url_cache_max_age_sec": 0
              }
            ],
            "compression_mode": "",
            "creation_timestamp": "2022-11-24T08:07:12.511-08:00",
            "custom_response_headers": [],
            "description": "Contains files needed by the website",
            "edge_security_policy": "",
            "enable_cdn": true,
            "id": "projects/cloudcoursesdu/global/backendBuckets/website-backend",
            "name": "website-backend",
            "project": "cloudcoursesdu",
            "self_link": "https://www.googleapis.com/compute/v1/projects/cloudcoursesdu/global/backendBuckets/website-backend",
            "timeouts": null
          },
          "sensitive_attributes": [],
          "private": "eyJlMmJmYjczMC1lY2FhLTExZTYtOGY4OC0zNDM2M2JjN2M0YzAiOnsiY3JlYXRlIjoxMjAwMDAwMDAwMDAwLCJkZWxldGUiOjEyMDAwMDAwMDAwMDAsInVwZGF0ZSI6MTIwMDAwMDAwMDAwMH19",
          "dependencies": [
            "google_storage_bucket.website"
          ]
        }
      ]
    },
    {
      "mode": "managed",
      "type": "google_compute_global_address",
      "name": "website",
      "provider": "provider[\"registry.terraform.io/hashicorp/google\"]",
      "instances": [
        {
          "schema_version": 0,
          "attributes": {
            "address": "34.149.44.254",
            "address_type": "EXTERNAL",
            "creation_timestamp": "2022-11-24T08:07:12.526-08:00",
            "description": "",
            "id": "projects/cloudcoursesdu/global/addresses/website-lb-ip",
            "ip_version": "",
            "name": "website-lb-ip",
            "network": "",
            "prefix_length": 0,
            "project": "cloudcoursesdu",
            "purpose": "",
            "self_link": "https://www.googleapis.com/compute/v1/projects/cloudcoursesdu/global/addresses/website-lb-ip",
            "timeouts": null
          },
          "sensitive_attributes": [],
          "private": "eyJlMmJmYjczMC1lY2FhLTExZTYtOGY4OC0zNDM2M2JjN2M0YzAiOnsiY3JlYXRlIjoxMjAwMDAwMDAwMDAwLCJkZWxldGUiOjEyMDAwMDAwMDAwMDB9fQ=="
        }
      ]
    },
    {
      "mode": "managed",
      "type": "google_compute_global_forwarding_rule",
      "name": "default",
      "provider": "provider[\"registry.terraform.io/hashicorp/google\"]",
      "instances": [
        {
          "schema_version": 0,
          "attributes": {
            "description": "",
            "id": "projects/cloudcoursesdu/global/forwardingRules/website-forwarding-rule",
            "ip_address": "34.149.44.254",
            "ip_protocol": "TCP",
            "ip_version": "",
            "label_fingerprint": "42WmSpB8rSM=",
            "labels": {},
            "load_balancing_scheme": "EXTERNAL",
            "metadata_filters": [],
            "name": "website-forwarding-rule",
            "network": "",
            "port_range": "443",
            "project": "cloudcoursesdu",
            "psc_connection_id": "",
            "psc_connection_status": "",
            "self_link": "https://www.googleapis.com/compute/v1/projects/cloudcoursesdu/global/forwardingRules/website-forwarding-rule",
            "target": "https://www.googleapis.com/compute/v1/projects/cloudcoursesdu/global/targetHttpsProxies/website-target-proxy",
            "timeouts": null
          },
          "sensitive_attributes": [],
          "private": "eyJlMmJmYjczMC1lY2FhLTExZTYtOGY4OC0zNDM2M2JjN2M0YzAiOnsiY3JlYXRlIjoxMjAwMDAwMDAwMDAwLCJkZWxldGUiOjEyMDAwMDAwMDAwMDAsInVwZGF0ZSI6MTIwMDAwMDAwMDAwMH19",
          "dependencies": [
            "data.google_dns_managed_zone.gcp_dns",
            "google_compute_backend_bucket.website",
            "google_compute_global_address.website",
            "google_compute_managed_ssl_certificate.website",
            "google_compute_target_https_proxy.website",
            "google_compute_url_map.website",
            "google_dns_record_set.website",
            "google_storage_bucket.website"
          ]
        }
      ]
    },
    {
      "mode": "managed",
      "type": "google_compute_managed_ssl_certificate",
      "name": "website",
      "provider": "provider[\"registry.terraform.io/hashicorp/google-beta\"]",
      "instances": [
        {
          "schema_version": 0,
          "attributes": {
            "certificate_id": 6340212463338924084,
            "creation_timestamp": "2022-11-24T08:07:55.614-08:00",
            "description": "",
            "expire_time": "2023-02-22T07:07:57.000-08:00",
            "id": "projects/cloudcoursesdu/global/sslCertificates/website-cert",
            "managed": [
              {
                "domains": [
                  "website.gcp.n12.dk"
                ]
              }
            ],
            "name": "website-cert",
            "project": "cloudcoursesdu",
            "self_link": "https://www.googleapis.com/compute/v1/projects/cloudcoursesdu/global/sslCertificates/website-cert",
            "subject_alternative_names": [
              "website.gcp.n12.dk"
            ],
            "timeouts": null,
            "type": "MANAGED"
          },
          "sensitive_attributes": [],
          "private": "eyJlMmJmYjczMC1lY2FhLTExZTYtOGY4OC0zNDM2M2JjN2M0YzAiOnsiY3JlYXRlIjoxODAwMDAwMDAwMDAwLCJkZWxldGUiOjE4MDAwMDAwMDAwMDB9fQ==",
          "dependencies": [
            "data.google_dns_managed_zone.gcp_dns",
            "google_compute_global_address.website",
            "google_dns_record_set.website"
          ]
        }
      ]
    },
    {
      "mode": "managed",
      "type": "google_compute_network",
      "name": "primary_custom_vpc",
      "provider": "provider[\"registry.terraform.io/hashicorp/google\"]",
      "instances": [
        {
          "schema_version": 0,
          "attributes": {
            "auto_create_subnetworks": true,
            "delete_default_routes_on_create": false,
            "description": "",
            "enable_ula_internal_ipv6": false,
            "gateway_ipv4": "",
            "id": "projects/cloudcoursesdu/global/networks/vpcnetwork",
            "internal_ipv6_range": "",
            "mtu": 0,
            "name": "vpcnetwork",
            "project": "cloudcoursesdu",
            "routing_mode": "REGIONAL",
            "self_link": "https://www.googleapis.com/compute/v1/projects/cloudcoursesdu/global/networks/vpcnetwork",
            "timeouts": null
          },
          "sensitive_attributes": [],
          "private": "eyJlMmJmYjczMC1lY2FhLTExZTYtOGY4OC0zNDM2M2JjN2M0YzAiOnsiY3JlYXRlIjoxMjAwMDAwMDAwMDAwLCJkZWxldGUiOjEyMDAwMDAwMDAwMDAsInVwZGF0ZSI6MTIwMDAwMDAwMDAwMH19"
        }
      ]
    },
    {
      "mode": "managed",
      "type": "google_compute_target_https_proxy",
      "name": "website",
      "provider": "provider[\"registry.terraform.io/hashicorp/google\"]",
      "instances": [
        {
          "schema_version": 0,
          "attributes": {
            "certificate_map": "",
            "creation_timestamp": "2022-11-24T08:08:07.897-08:00",
            "description": "",
            "id": "projects/cloudcoursesdu/global/targetHttpsProxies/website-target-proxy",
            "name": "website-target-proxy",
            "project": "cloudcoursesdu",
            "proxy_bind": false,
            "proxy_id": 3502662286815930376,
            "quic_override": "NONE",
            "self_link": "https://www.googleapis.com/compute/v1/projects/cloudcoursesdu/global/targetHttpsProxies/website-target-proxy",
            "ssl_certificates": [
              "https://www.googleapis.com/compute/v1/projects/cloudcoursesdu/global/sslCertificates/website-cert"
            ],
            "ssl_policy": "",
            "timeouts": null,
            "url_map": "https://www.googleapis.com/compute/v1/projects/cloudcoursesdu/global/urlMaps/website-url-map"
          },
          "sensitive_attributes": [],
          "private": "eyJlMmJmYjczMC1lY2FhLTExZTYtOGY4OC0zNDM2M2JjN2M0YzAiOnsiY3JlYXRlIjoxMjAwMDAwMDAwMDAwLCJkZWxldGUiOjEyMDAwMDAwMDAwMDAsInVwZGF0ZSI6MTIwMDAwMDAwMDAwMH19",
          "dependencies": [
            "data.google_dns_managed_zone.gcp_dns",
            "google_compute_backend_bucket.website",
            "google_compute_global_address.website",
            "google_compute_managed_ssl_certificate.website",
            "google_compute_url_map.website",
            "google_dns_record_set.website",
            "google_storage_bucket.website"
          ]
        }
      ]
    },
    {
      "mode": "managed",
      "type": "google_compute_url_map",
      "name": "website",
      "provider": "provider[\"registry.terraform.io/hashicorp/google\"]",
      "instances": [
        {
          "schema_version": 0,
          "attributes": {
            "creation_timestamp": "2022-11-24T08:07:24.389-08:00",
            "default_route_action": [],
            "default_service": "https://www.googleapis.com/compute/v1/projects/cloudcoursesdu/global/backendBuckets/website-backend",
            "default_url_redirect": [],
            "description": "",
            "fingerprint": "B5N_rTeuhXA=",
            "header_action": [],
            "host_rule": [],
            "id": "projects/cloudcoursesdu/global/urlMaps/website-url-map",
            "map_id": 3266128834278336595,
            "name": "website-url-map",
            "path_matcher": [],
            "project": "cloudcoursesdu",
            "self_link": "https://www.googleapis.com/compute/v1/projects/cloudcoursesdu/global/urlMaps/website-url-map",
            "test": [],
            "timeouts": null
          },
          "sensitive_attributes": [],
          "private": "eyJlMmJmYjczMC1lY2FhLTExZTYtOGY4OC0zNDM2M2JjN2M0YzAiOnsiY3JlYXRlIjoxMjAwMDAwMDAwMDAwLCJkZWxldGUiOjEyMDAwMDAwMDAwMDAsInVwZGF0ZSI6MTIwMDAwMDAwMDAwMH19",
          "dependencies": [
            "google_compute_backend_bucket.website",
            "google_storage_bucket.website"
          ]
        }
      ]
    },
    {
      "mode": "managed",
      "type": "google_dns_record_set",
      "name": "website",
      "provider": "provider[\"registry.terraform.io/hashicorp/google\"]",
      "instances": [
        {
          "schema_version": 0,
          "attributes": {
            "id": "projects/cloudcoursesdu/managedZones/gcp-n12-dk/rrsets/website.gcp.n12.dk./A",
            "managed_zone": "gcp-n12-dk",
            "name": "website.gcp.n12.dk.",
            "project": "cloudcoursesdu",
            "routing_policy": [],
            "rrdatas": [
              "34.149.44.254"
            ],
            "ttl": 300,
            "type": "A"
          },
          "sensitive_attributes": [],
          "private": "bnVsbA==",
          "dependencies": [
            "data.google_dns_managed_zone.gcp_dns",
            "google_compute_global_address.website"
          ]
        }
      ]
    },
    {
      "mode": "managed",
      "type": "google_project_service",
      "name": "enabled_services",
      "provider": "provider[\"registry.terraform.io/hashicorp/google\"]",
      "instances": [
        {
          "index_key": "compute.googleapis.com",
          "schema_version": 0,
          "attributes": {
            "disable_dependent_services": null,
            "disable_on_destroy": false,
            "id": "cloudcoursesdu/compute.googleapis.com",
            "project": "cloudcoursesdu",
            "service": "compute.googleapis.com",
            "timeouts": null
          },
          "sensitive_attributes": [],
          "private": "eyJlMmJmYjczMC1lY2FhLTExZTYtOGY4OC0zNDM2M2JjN2M0YzAiOnsiY3JlYXRlIjoxMjAwMDAwMDAwMDAwLCJkZWxldGUiOjEyMDAwMDAwMDAwMDAsInJlYWQiOjYwMDAwMDAwMDAwMCwidXBkYXRlIjoxMjAwMDAwMDAwMDAwfX0="
        },
        {
          "index_key": "dns.googleapis.com",
          "schema_version": 0,
          "attributes": {
            "disable_dependent_services": null,
            "disable_on_destroy": false,
            "id": "cloudcoursesdu/dns.googleapis.com",
            "project": "cloudcoursesdu",
            "service": "dns.googleapis.com",
            "timeouts": null
          },
          "sensitive_attributes": [],
          "private": "eyJlMmJmYjczMC1lY2FhLTExZTYtOGY4OC0zNDM2M2JjN2M0YzAiOnsiY3JlYXRlIjoxMjAwMDAwMDAwMDAwLCJkZWxldGUiOjEyMDAwMDAwMDAwMDAsInJlYWQiOjYwMDAwMDAwMDAwMCwidXBkYXRlIjoxMjAwMDAwMDAwMDAwfX0="
        },
        {
          "index_key": "redis.googleapis.com",
          "schema_version": 0,
          "attributes": {
            "disable_dependent_services": null,
            "disable_on_destroy": false,
            "id": "cloudcoursesdu/redis.googleapis.com",
            "project": "cloudcoursesdu",
            "service": "redis.googleapis.com",
            "timeouts": null
          },
          "sensitive_attributes": [],
          "private": "eyJlMmJmYjczMC1lY2FhLTExZTYtOGY4OC0zNDM2M2JjN2M0YzAiOnsiY3JlYXRlIjoxMjAwMDAwMDAwMDAwLCJkZWxldGUiOjEyMDAwMDAwMDAwMDAsInJlYWQiOjYwMDAwMDAwMDAwMCwidXBkYXRlIjoxMjAwMDAwMDAwMDAwfX0="
        },
        {
          "index_key": "run.googleapis.com",
          "schema_version": 0,
          "attributes": {
            "disable_dependent_services": null,
            "disable_on_destroy": false,
            "id": "cloudcoursesdu/run.googleapis.com",
            "project": "cloudcoursesdu",
            "service": "run.googleapis.com",
            "timeouts": null
          },
          "sensitive_attributes": [],
          "private": "eyJlMmJmYjczMC1lY2FhLTExZTYtOGY4OC0zNDM2M2JjN2M0YzAiOnsiY3JlYXRlIjoxMjAwMDAwMDAwMDAwLCJkZWxldGUiOjEyMDAwMDAwMDAwMDAsInJlYWQiOjYwMDAwMDAwMDAwMCwidXBkYXRlIjoxMjAwMDAwMDAwMDAwfX0="
        },
        {
          "index_key": "storage.googleapis.com",
          "schema_version": 0,
          "attributes": {
            "disable_dependent_services": null,
            "disable_on_destroy": false,
            "id": "cloudcoursesdu/storage.googleapis.com",
            "project": "cloudcoursesdu",
            "service": "storage.googleapis.com",
            "timeouts": null
          },
          "sensitive_attributes": [],
          "private": "eyJlMmJmYjczMC1lY2FhLTExZTYtOGY4OC0zNDM2M2JjN2M0YzAiOnsiY3JlYXRlIjoxMjAwMDAwMDAwMDAwLCJkZWxldGUiOjEyMDAwMDAwMDAwMDAsInJlYWQiOjYwMDAwMDAwMDAwMCwidXBkYXRlIjoxMjAwMDAwMDAwMDAwfX0="
        },
        {
          "index_key": "vpcaccess.googleapis.com",
          "schema_version": 0,
          "attributes": {
            "disable_dependent_services": null,
            "disable_on_destroy": false,
            "id": "cloudcoursesdu/vpcaccess.googleapis.com",
            "project": "cloudcoursesdu",
            "service": "vpcaccess.googleapis.com",
            "timeouts": null
          },
          "sensitive_attributes": [],
          "private": "eyJlMmJmYjczMC1lY2FhLTExZTYtOGY4OC0zNDM2M2JjN2M0YzAiOnsiY3JlYXRlIjoxMjAwMDAwMDAwMDAwLCJkZWxldGUiOjEyMDAwMDAwMDAwMDAsInJlYWQiOjYwMDAwMDAwMDAwMCwidXBkYXRlIjoxMjAwMDAwMDAwMDAwfX0="
        }
      ]
    },
    {
      "mode": "managed",
      "type": "google_redis_instance",
      "name": "cache",
      "provider": "provider[\"registry.terraform.io/hashicorp/google\"]",
      "instances": [
        {
          "schema_version": 0,
          "attributes": {
            "alternative_location_id": "",
            "auth_enabled": false,
            "auth_string": "",
            "authorized_network": "projects/cloudcoursesdu/global/networks/default",
            "connect_mode": "DIRECT_PEERING",
            "create_time": "2022-11-24T16:17:07.189379518Z",
            "current_location_id": "europe-west1-c",
            "customer_managed_key": "",
            "display_name": "",
            "host": "10.136.108.211",
            "id": "projects/cloudcoursesdu/locations/europe-west1/instances/memory-cache",
            "labels": {},
            "location_id": "europe-west1-c",
            "maintenance_policy": [],
            "maintenance_schedule": [],
            "memory_size_gb": 1,
            "name": "memory-cache",
            "nodes": [
              {
                "id": "node-0",
                "zone": "europe-west1-c"
              }
            ],
            "persistence_config": [
              {
                "persistence_mode": "DISABLED",
                "rdb_next_snapshot_time": "",
                "rdb_snapshot_period": "",
                "rdb_snapshot_start_time": ""
              }
            ],
            "persistence_iam_identity": "serviceAccount:service-665001467053@cloud-redis.iam.gserviceaccount.com",
            "port": 6379,
            "project": "cloudcoursesdu",
            "read_endpoint": "",
            "read_endpoint_port": 0,
            "read_replicas_mode": "READ_REPLICAS_DISABLED",
            "redis_configs": {},
            "redis_version": "REDIS_6_X",
            "region": "europe-west1",
            "replica_count": 0,
            "reserved_ip_range": "10.136.108.208/29",
            "secondary_ip_range": "",
            "server_ca_certs": [],
            "tier": "BASIC",
            "timeouts": null,
            "transit_encryption_mode": "DISABLED"
          },
          "sensitive_attributes": [],
          "private": "eyJlMmJmYjczMC1lY2FhLTExZTYtOGY4OC0zNDM2M2JjN2M0YzAiOnsiY3JlYXRlIjoxMjAwMDAwMDAwMDAwLCJkZWxldGUiOjEyMDAwMDAwMDAwMDAsInVwZGF0ZSI6MTIwMDAwMDAwMDAwMH19",
          "dependencies": [
            "google_project_service.enabled_services"
          ]
        }
      ]
    },
    {
      "mode": "managed",
      "type": "google_storage_bucket",
      "name": "website",
      "provider": "provider[\"registry.terraform.io/hashicorp/google\"]",
      "instances": [
        {
          "schema_version": 0,
          "attributes": {
            "cors": [],
            "custom_placement_config": [],
            "default_event_based_hold": false,
            "encryption": [],
            "force_destroy": false,
            "id": "emergency-app-website",
            "labels": {},
            "lifecycle_rule": [],
            "location": "EUROPE-WEST1",
            "logging": [],
            "name": "emergency-app-website",
            "project": "cloudcoursesdu",
            "public_access_prevention": "inherited",
            "requester_pays": false,
            "retention_policy": [],
            "self_link": "https://www.googleapis.com/storage/v1/b/emergency-app-website",
            "storage_class": "STANDARD",
            "timeouts": null,
            "uniform_bucket_level_access": false,
            "url": "gs://emergency-app-website",
            "versioning": [],
            "website": []
          },
          "sensitive_attributes": [],
          "private": "eyJlMmJmYjczMC1lY2FhLTExZTYtOGY4OC0zNDM2M2JjN2M0YzAiOnsiY3JlYXRlIjoyNDAwMDAwMDAwMDAsInJlYWQiOjI0MDAwMDAwMDAwMCwidXBkYXRlIjoyNDAwMDAwMDAwMDB9fQ=="
        }
      ]
    },
    {
      "mode": "managed",
      "type": "google_storage_default_object_access_control",
      "name": "website_read",
      "provider": "provider[\"registry.terraform.io/hashicorp/google\"]",
      "instances": [
        {
          "schema_version": 0,
          "attributes": {
            "bucket": "emergency-app-website",
            "domain": "",
            "email": "",
            "entity": "allUsers",
            "entity_id": "",
            "generation": 0,
            "id": "emergency-app-website/allUsers",
            "object": "",
            "project_team": [],
            "role": "READER",
            "timeouts": null
          },
          "sensitive_attributes": [],
          "private": "eyJlMmJmYjczMC1lY2FhLTExZTYtOGY4OC0zNDM2M2JjN2M0YzAiOnsiY3JlYXRlIjoxMjAwMDAwMDAwMDAwLCJkZWxldGUiOjEyMDAwMDAwMDAwMDAsInVwZGF0ZSI6MTIwMDAwMDAwMDAwMH19",
          "dependencies": [
            "google_storage_bucket.website"
          ]
        }
      ]
    },
    {
      "mode": "managed",
      "type": "google_vpc_access_connector",
      "name": "connector",
      "provider": "provider[\"registry.terraform.io/hashicorp/google\"]",
      "instances": [
        {
          "schema_version": 0,
          "attributes": {
            "id": "projects/cloudcoursesdu/locations/europe-west1/connectors/primary-connector",
            "ip_cidr_range": "10.8.0.0/28",
            "machine_type": "e2-micro",
            "max_instances": 3,
            "max_throughput": 300,
            "min_instances": 2,
            "min_throughput": 200,
            "name": "primary-connector",
            "network": "vpcnetwork",
            "project": "cloudcoursesdu",
            "region": null,
            "self_link": "projects/cloudcoursesdu/locations/europe-west1/connectors/primary-connector",
            "state": "READY",
            "subnet": [],
            "timeouts": null
          },
          "sensitive_attributes": [],
          "private": "eyJlMmJmYjczMC1lY2FhLTExZTYtOGY4OC0zNDM2M2JjN2M0YzAiOnsiY3JlYXRlIjoxMjAwMDAwMDAwMDAwLCJkZWxldGUiOjEyMDAwMDAwMDAwMDB9fQ==",
          "dependencies": [
            "google_compute_network.primary_custom_vpc",
            "google_project_service.enabled_services"
          ]
        }
      ]
    }
  ],
  "check_results": null
}
